
Microsoft Visual Studio Solution File, Format Version 12.00
# Visual Studio Version 17
VisualStudioVersion = 17.13.35931.197
MinimumVisualStudioVersion = 10.0.40219.1
Project("{2150E333-8FDC-42A3-9474-1A3956D46DE8}") = "Services", "Services", "{02EA681E-C7D8-13C7-8484-4AC65E1B71E8}"
EndProject
Project("{2150E333-8FDC-42A3-9474-1A3956D46DE8}") = "Catalog", "Catalog", "{6A656EAD-12A3-4198-BE78-C047DF7F5A15}"
EndProject
Project("{FAE04EC0-301F-11D3-BF4B-00C04F79EFBC}") = "Catalog.API", "Services\Catalog\Catalog.API\Catalog.API.csproj", "{73045B4B-F589-4CDF-985E-83955A21DA67}"
EndProject
Project("{2150E333-8FDC-42A3-9474-1A3956D46DE8}") = "BuildingBlocks", "BuildingBlocks", "{E1915C96-28F7-46CF-9C85-15465A195FB6}"
EndProject
Project("{FAE04EC0-301F-11D3-BF4B-00C04F79EFBC}") = "BuildingBlocks", "BuildingBlocks\BuildingBlocks\BuildingBlocks.csproj", "{1A64C452-9D8C-4CA4-9558-9A689421E8B3}"
EndProject
Project("{E53339B2-1760-4266-BCC7-CA923CBCF16C}") = "docker-compose", "docker-compose.dcproj", "{81DDED9D-158B-E303-5F62-77A2896D2A5A}"
EndProject
Project("{2150E333-8FDC-42A3-9474-1A3956D46DE8}") = "Basket", "Basket", "{F618F5AC-F653-4C7E-BAF7-83132819978A}"
EndProject
Project("{FAE04EC0-301F-11D3-BF4B-00C04F79EFBC}") = "Basket.API", "Services\Basket\Basket.API\Basket.API.csproj", "{247175CD-9CB6-4BB0-9E41-A0CEFA777EC8}"
EndProject
Project("{2150E333-8FDC-42A3-9474-1A3956D46DE8}") = "Discount", "Discount", "{5082E045-9077-4D0C-9E9E-8227420E121C}"
EndProject
Project("{FAE04EC0-301F-11D3-BF4B-00C04F79EFBC}") = "Dicount.Grpc", "Services\Discount\Dicount.Grpc\Dicount.Grpc.csproj", "{8D8AD473-70CE-4A31-A1D1-7AAD986F4A76}"
EndProject
Project("{2150E333-8FDC-42A3-9474-1A3956D46DE8}") = "Ordering", "Ordering", "{79B1FB8E-3DA0-43E1-B352-7E77EBF146E7}"
EndProject
Project("{FAE04EC0-301F-11D3-BF4B-00C04F79EFBC}") = "Ordering.API", "Services\Ordering\Ordering.API\Ordering.API.csproj", "{5EF4F8F2-A164-48AE-8CBE-B169916EC584}"
EndProject
Project("{FAE04EC0-301F-11D3-BF4B-00C04F79EFBC}") = "Ordering.Domain", "Services\Ordering\Ordering.Domain\Ordering.Domain.csproj", "{6DD2AA45-DE30-499E-BE91-68A38E07797D}"
EndProject
Project("{FAE04EC0-301F-11D3-BF4B-00C04F79EFBC}") = "Ordering.Application", "Services\Ordering\Ordering.Application\Ordering.Application.csproj", "{FA2BE059-C35E-4A80-BEDA-11EDFAB0E2B2}"
EndProject
Project("{FAE04EC0-301F-11D3-BF4B-00C04F79EFBC}") = "Ordering.Infrastructure", "Services\Ordering\Ordering.Infrastructure\Ordering.Infrastructure.csproj", "{9571FF7D-09DC-4903-BFBA-6DE95C31F791}"
EndProject
Global
	GlobalSection(SolutionConfigurationPlatforms) = preSolution
		Debug|Any CPU = Debug|Any CPU
		Release|Any CPU = Release|Any CPU
	EndGlobalSection
	GlobalSection(ProjectConfigurationPlatforms) = postSolution
		{73045B4B-F589-4CDF-985E-83955A21DA67}.Debug|Any CPU.ActiveCfg = Debug|Any CPU
		{73045B4B-F589-4CDF-985E-83955A21DA67}.Debug|Any CPU.Build.0 = Debug|Any CPU
		{73045B4B-F589-4CDF-985E-83955A21DA67}.Release|Any CPU.ActiveCfg = Release|Any CPU
		{73045B4B-F589-4CDF-985E-83955A21DA67}.Release|Any CPU.Build.0 = Release|Any CPU
		{1A64C452-9D8C-4CA4-9558-9A689421E8B3}.Debug|Any CPU.ActiveCfg = Debug|Any CPU
		{1A64C452-9D8C-4CA4-9558-9A689421E8B3}.Debug|Any CPU.Build.0 = Debug|Any CPU
		{1A64C452-9D8C-4CA4-9558-9A689421E8B3}.Release|Any CPU.ActiveCfg = Release|Any CPU
		{1A64C452-9D8C-4CA4-9558-9A689421E8B3}.Release|Any CPU.Build.0 = Release|Any CPU
		{81DDED9D-158B-E303-5F62-77A2896D2A5A}.Debug|Any CPU.ActiveCfg = Debug|Any CPU
		{81DDED9D-158B-E303-5F62-77A2896D2A5A}.Debug|Any CPU.Build.0 = Debug|Any CPU
		{81DDED9D-158B-E303-5F62-77A2896D2A5A}.Release|Any CPU.ActiveCfg = Release|Any CPU
		{81DDED9D-158B-E303-5F62-77A2896D2A5A}.Release|Any CPU.Build.0 = Release|Any CPU
		{247175CD-9CB6-4BB0-9E41-A0CEFA777EC8}.Debug|Any CPU.ActiveCfg = Debug|Any CPU
		{247175CD-9CB6-4BB0-9E41-A0CEFA777EC8}.Debug|Any CPU.Build.0 = Debug|Any CPU
		{247175CD-9CB6-4BB0-9E41-A0CEFA777EC8}.Release|Any CPU.ActiveCfg = Release|Any CPU
		{247175CD-9CB6-4BB0-9E41-A0CEFA777EC8}.Release|Any CPU.Build.0 = Release|Any CPU
		{8D8AD473-70CE-4A31-A1D1-7AAD986F4A76}.Debug|Any CPU.ActiveCfg = Debug|Any CPU
		{8D8AD473-70CE-4A31-A1D1-7AAD986F4A76}.Debug|Any CPU.Build.0 = Debug|Any CPU
		{8D8AD473-70CE-4A31-A1D1-7AAD986F4A76}.Release|Any CPU.ActiveCfg = Release|Any CPU
		{8D8AD473-70CE-4A31-A1D1-7AAD986F4A76}.Release|Any CPU.Build.0 = Release|Any CPU
		{5EF4F8F2-A164-48AE-8CBE-B169916EC584}.Debug|Any CPU.ActiveCfg = Debug|Any CPU
		{5EF4F8F2-A164-48AE-8CBE-B169916EC584}.Debug|Any CPU.Build.0 = Debug|Any CPU
		{5EF4F8F2-A164-48AE-8CBE-B169916EC584}.Release|Any CPU.ActiveCfg = Release|Any CPU
		{5EF4F8F2-A164-48AE-8CBE-B169916EC584}.Release|Any CPU.Build.0 = Release|Any CPU
		{6DD2AA45-DE30-499E-BE91-68A38E07797D}.Debug|Any CPU.ActiveCfg = Debug|Any CPU
		{6DD2AA45-DE30-499E-BE91-68A38E07797D}.Debug|Any CPU.Build.0 = Debug|Any CPU
		{6DD2AA45-DE30-499E-BE91-68A38E07797D}.Release|Any CPU.ActiveCfg = Release|Any CPU
		{6DD2AA45-DE30-499E-BE91-68A38E07797D}.Release|Any CPU.Build.0 = Release|Any CPU
		{FA2BE059-C35E-4A80-BEDA-11EDFAB0E2B2}.Debug|Any CPU.ActiveCfg = Debug|Any CPU
		{FA2BE059-C35E-4A80-BEDA-11EDFAB0E2B2}.Debug|Any CPU.Build.0 = Debug|Any CPU
		{FA2BE059-C35E-4A80-BEDA-11EDFAB0E2B2}.Release|Any CPU.ActiveCfg = Release|Any CPU
		{FA2BE059-C35E-4A80-BEDA-11EDFAB0E2B2}.Release|Any CPU.Build.0 = Release|Any CPU
		{9571FF7D-09DC-4903-BFBA-6DE95C31F791}.Debug|Any CPU.ActiveCfg = Debug|Any CPU
		{9571FF7D-09DC-4903-BFBA-6DE95C31F791}.Debug|Any CPU.Build.0 = Debug|Any CPU
		{9571FF7D-09DC-4903-BFBA-6DE95C31F791}.Release|Any CPU.ActiveCfg = Release|Any CPU
		{9571FF7D-09DC-4903-BFBA-6DE95C31F791}.Release|Any CPU.Build.0 = Release|Any CPU
	EndGlobalSection
	GlobalSection(SolutionProperties) = preSolution
		HideSolutionNode = FALSE
	EndGlobalSection
	GlobalSection(NestedProjects) = preSolution
		{6A656EAD-12A3-4198-BE78-C047DF7F5A15} = {02EA681E-C7D8-13C7-8484-4AC65E1B71E8}
		{73045B4B-F589-4CDF-985E-83955A21DA67} = {6A656EAD-12A3-4198-BE78-C047DF7F5A15}
		{1A64C452-9D8C-4CA4-9558-9A689421E8B3} = {E1915C96-28F7-46CF-9C85-15465A195FB6}
		{F618F5AC-F653-4C7E-BAF7-83132819978A} = {02EA681E-C7D8-13C7-8484-4AC65E1B71E8}
		{247175CD-9CB6-4BB0-9E41-A0CEFA777EC8} = {F618F5AC-F653-4C7E-BAF7-83132819978A}
		{5082E045-9077-4D0C-9E9E-8227420E121C} = {02EA681E-C7D8-13C7-8484-4AC65E1B71E8}
		{8D8AD473-70CE-4A31-A1D1-7AAD986F4A76} = {5082E045-9077-4D0C-9E9E-8227420E121C}
		{79B1FB8E-3DA0-43E1-B352-7E77EBF146E7} = {02EA681E-C7D8-13C7-8484-4AC65E1B71E8}
		{5EF4F8F2-A164-48AE-8CBE-B169916EC584} = {79B1FB8E-3DA0-43E1-B352-7E77EBF146E7}
		{6DD2AA45-DE30-499E-BE91-68A38E07797D} = {79B1FB8E-3DA0-43E1-B352-7E77EBF146E7}
		{FA2BE059-C35E-4A80-BEDA-11EDFAB0E2B2} = {79B1FB8E-3DA0-43E1-B352-7E77EBF146E7}
		{9571FF7D-09DC-4903-BFBA-6DE95C31F791} = {79B1FB8E-3DA0-43E1-B352-7E77EBF146E7}
	EndGlobalSection
	GlobalSection(ExtensibilityGlobals) = postSolution
		SolutionGuid = {4601C91A-9C01-4320-9618-E1770EF8F734}
	EndGlobalSection
EndGlobal
